{
  "name": "btcz-light-cli",
  "lockfileVersion": 3,
  "requires": true,
  "packages": {
    "": {
      "dependencies": {
        "bitcore-lib-btcz": "^1.0.0"
      }
    },
    "node_modules/bitcore-lib-btcz": {
      "version": "1.0.0",
      "resolved": "https://registry.npmjs.org/bitcore-lib-btcz/-/bitcore-lib-btcz-1.0.0.tgz",
      "integrity": "sha512-uXnRmsPZzITCZttNuL0HAQI2DURR0Z+8uuwyPs13RTj3eZbXc+CsAn0kULfTgDV6RS2l03XrNwzgYqHlsWA8kw==",
      "license": "MIT",
      "dependencies": {
        "bn.js": "=2.0.4",
        "bs58": "=2.0.0",
        "buffer-compare": "=1.0.0",
        "elliptic": "=3.0.3",
        "inherits": "=2.0.1",
        "lodash": "=3.10.1"
      }
    },
    "node_modules/bn.js": {
      "version": "2.0.4",
      "resolved": "https://registry.npmjs.org/bn.js/-/bn.js-2.0.4.tgz",
      "integrity": "sha512-agol6nELIIhWUdrrb0ko6X/ojICxfDeUg+NUCODLS4Dn3deKCE+d1HTEjvlD/WfH6rZ1DCh7bA21tHNtmqwjWA==",
      "license": "MIT"
    },
    "node_modules/brorand": {
      "version": "1.1.0",
      "resolved": "https://registry.npmjs.org/brorand/-/brorand-1.1.0.tgz",
      "integrity": "sha512-cKV8tMCEpQs4hK/ik71d6LrPOnpkpGBR0wzxqr68g2m/LB2GxVYQroAjMJZRVM1Y4BCjCKc3vAamxSzOY2RP+w==",
      "license": "MIT"
    },
    "node_modules/bs58": {
      "version": "2.0.0",
      "resolved": "https://registry.npmjs.org/bs58/-/bs58-2.0.0.tgz",
      "integrity": "sha512-e6HRIsesDBCrBpXbYviZDrxtwHkk2D4K7f4u/asWRrKBQTt5axZRt2nqa3Hw51+lzQOni31Xvu1/2FiZodXtow=="
    },
    "node_modules/buffer-compare": {
      "version": "1.0.0",
      "resolved": "https://registry.npmjs.org/buffer-compare/-/buffer-compare-1.0.0.tgz",
      "integrity": "sha512-V44fH6pgIfMge/eVmwtRHOfbYYsjRLpMTxEWYijmmendeNi8gRh4Epg0TvgLi3w/NGwVrBWV2B5++RfGTtkCLw=="
    },
    "node_modules/elliptic": {
      "version": "3.0.3",
      "resolved": "https://registry.npmjs.org/elliptic/-/elliptic-3.0.3.tgz",
      "integrity": "sha512-CrBEiS76Obfxgy6v25p2f7XUZ63DF6mJ/KL0lvBnIrlBeebacGjukc4KjbFWw6bdMnOMM6QXcO84Q2/VJaJlTA==",
      "license": "MIT",
      "dependencies": {
        "bn.js": "^2.0.0",
        "brorand": "^1.0.1",
        "hash.js": "^1.0.0",
        "inherits": "^2.0.1"
      }
    },
    "node_modules/hash.js": {
      "version": "1.1.7",
      "resolved": "https://registry.npmjs.org/hash.js/-/hash.js-1.1.7.tgz",
      "integrity": "sha512-taOaskGt4z4SOANNseOviYDvjEJinIkRgmp7LbKP2YTTmVxWBl87s/uzK9r+44BclBSp2X7K1hqeNfz9JbBeXA==",
      "license": "MIT",
      "dependencies": {
        "inherits": "^2.0.3",
        "minimalistic-assert": "^1.0.1"
      }
    },
    "node_modules/hash.js/node_modules/inherits": {
      "version": "2.0.4",
      "resolved": "https://registry.npmjs.org/inherits/-/inherits-2.0.4.tgz",
      "integrity": "sha512-k/vGaX4/Yla3WzyMCvTQOXYeIHvqOKtnqBduzTHpzpQZzAskKMhZ2K+EnBiSM9zGSoIFeMpXKxa4dYeZIQqewQ==",
      "license": "ISC"
    },
    "node_modules/inherits": {
      "version": "2.0.1",
      "resolved": "https://registry.npmjs.org/inherits/-/inherits-2.0.1.tgz",
      "integrity": "sha512-8nWq2nLTAwd02jTqJExUYFSD/fKq6VH9Y/oG2accc/kdI0V98Bag8d5a4gi3XHz73rDWa2PvTtvcWYquKqSENA==",
      "license": "ISC"
    },
    "node_modules/lodash": {
      "version": "3.10.1",
      "resolved": "https://registry.npmjs.org/lodash/-/lodash-3.10.1.tgz",
      "integrity": "sha512-9mDDwqVIma6OZX79ZlDACZl8sBm0TEnkf99zV3iMA4GzkIT/9hiqP5mY0HoT1iNLCrKc/R1HByV+yJfRWVJryQ==",
      "license": "MIT"
    },
    "node_modules/minimalistic-assert": {
      "version": "1.0.1",
      "resolved": "https://registry.npmjs.org/minimalistic-assert/-/minimalistic-assert-1.0.1.tgz",
      "integrity": "sha512-UtJcAD4yEaGtjPezWuO9wC4nwUnVH/8/Im3yEHQP4b67cXlD/Qr9hdITCU1xDbSEXg2XKNaP8jsReV7vQd00/A==",
      "license": "ISC"
    }
  }
}
